
Microsoft Visual Studio Solution File, Format Version 12.00
# Visual Studio 15
VisualStudioVersion = 15.0.27130.2036
MinimumVisualStudioVersion = 10.0.40219.1
Project("{9A19103F-16F7-4668-BE54-9A1E7A4F7556}") = "Battery.Core", "Battery.Core\Battery.Core.csproj", "{7EC09488-40E9-46C1-826A-0D680781BB5E}"
EndProject
Project("{FAE04EC0-301F-11D3-BF4B-00C04F79EFBC}") = "Battery.iOS", "Battery.iOS\Battery.iOS.csproj", "{AE3F6D66-B079-41BE-9DAB-36F2ACACDE8A}"
EndProject
Project("{FAE04EC0-301F-11D3-BF4B-00C04F79EFBC}") = "Battery.Droid", "Battery.Droid\Battery.Droid.csproj", "{6288917C-C18B-42FF-9485-384F2C5F23F9}"
EndProject
Project("{2150E333-8FDC-42A3-9474-1A3956D46DE8}") = "Tests", "Tests", "{04FE29DF-D5FC-4296-B575-3B67A0DAC880}"
EndProject
Project("{FAE04EC0-301F-11D3-BF4B-00C04F79EFBC}") = "Battery.iOS.Tests", "Tests\Battery.iOS.Tests\Battery.iOS.Tests.csproj", "{358B8066-7934-45F0-8686-95060A0B12A9}"
EndProject
Project("{FAE04EC0-301F-11D3-BF4B-00C04F79EFBC}") = "Battery.Droid.Tests", "Tests\Battery.Droid.Tests\Battery.Droid.Tests.csproj", "{430627A9-BC6A-4AA1-9920-03CA2AB87DF6}"
EndProject
Project("{FAE04EC0-301F-11D3-BF4B-00C04F79EFBC}") = "Battery.UWP", "Battery.UWP\Battery.UWP.csproj", "{199F1FC7-DC1B-409A-965C-D75583F0AB26}"
EndProject
Global
	GlobalSection(SolutionConfigurationPlatforms) = preSolution
		Debug|Any CPU = Debug|Any CPU
		Debug|ARM = Debug|ARM
		Debug|iPhone = Debug|iPhone
		Debug|iPhoneSimulator = Debug|iPhoneSimulator
		Debug|x64 = Debug|x64
		Debug|x86 = Debug|x86
		Release|Any CPU = Release|Any CPU
		Release|ARM = Release|ARM
		Release|iPhone = Release|iPhone
		Release|iPhoneSimulator = Release|iPhoneSimulator
		Release|x64 = Release|x64
		Release|x86 = Release|x86
	EndGlobalSection
	GlobalSection(ProjectConfigurationPlatforms) = postSolution
		{7EC09488-40E9-46C1-826A-0D680781BB5E}.Debug|Any CPU.ActiveCfg = Debug|Any CPU
		{7EC09488-40E9-46C1-826A-0D680781BB5E}.Debug|Any CPU.Build.0 = Debug|Any CPU
		{7EC09488-40E9-46C1-826A-0D680781BB5E}.Debug|ARM.ActiveCfg = Debug|Any CPU
		{7EC09488-40E9-46C1-826A-0D680781BB5E}.Debug|ARM.Build.0 = Debug|Any CPU
		{7EC09488-40E9-46C1-826A-0D680781BB5E}.Debug|iPhone.ActiveCfg = Debug|Any CPU
		{7EC09488-40E9-46C1-826A-0D680781BB5E}.Debug|iPhone.Build.0 = Debug|Any CPU
		{7EC09488-40E9-46C1-826A-0D680781BB5E}.Debug|iPhoneSimulator.ActiveCfg = Debug|Any CPU
		{7EC09488-40E9-46C1-826A-0D680781BB5E}.Debug|iPhoneSimulator.Build.0 = Debug|Any CPU
		{7EC09488-40E9-46C1-826A-0D680781BB5E}.Debug|x64.ActiveCfg = Debug|Any CPU
		{7EC09488-40E9-46C1-826A-0D680781BB5E}.Debug|x64.Build.0 = Debug|Any CPU
		{7EC09488-40E9-46C1-826A-0D680781BB5E}.Debug|x86.ActiveCfg = Debug|Any CPU
		{7EC09488-40E9-46C1-826A-0D680781BB5E}.Debug|x86.Build.0 = Debug|Any CPU
		{7EC09488-40E9-46C1-826A-0D680781BB5E}.Release|Any CPU.ActiveCfg = Release|Any CPU
		{7EC09488-40E9-46C1-826A-0D680781BB5E}.Release|Any CPU.Build.0 = Release|Any CPU
		{7EC09488-40E9-46C1-826A-0D680781BB5E}.Release|ARM.ActiveCfg = Release|Any CPU
		{7EC09488-40E9-46C1-826A-0D680781BB5E}.Release|ARM.Build.0 = Release|Any CPU
		{7EC09488-40E9-46C1-826A-0D680781BB5E}.Release|iPhone.ActiveCfg = Release|Any CPU
		{7EC09488-40E9-46C1-826A-0D680781BB5E}.Release|iPhone.Build.0 = Release|Any CPU
		{7EC09488-40E9-46C1-826A-0D680781BB5E}.Release|iPhoneSimulator.ActiveCfg = Release|Any CPU
		{7EC09488-40E9-46C1-826A-0D680781BB5E}.Release|iPhoneSimulator.Build.0 = Release|Any CPU
		{7EC09488-40E9-46C1-826A-0D680781BB5E}.Release|x64.ActiveCfg = Release|Any CPU
		{7EC09488-40E9-46C1-826A-0D680781BB5E}.Release|x64.Build.0 = Release|Any CPU
		{7EC09488-40E9-46C1-826A-0D680781BB5E}.Release|x86.ActiveCfg = Release|Any CPU
		{7EC09488-40E9-46C1-826A-0D680781BB5E}.Release|x86.Build.0 = Release|Any CPU
		{AE3F6D66-B079-41BE-9DAB-36F2ACACDE8A}.Debug|Any CPU.ActiveCfg = Debug|Any CPU
		{AE3F6D66-B079-41BE-9DAB-36F2ACACDE8A}.Debug|Any CPU.Build.0 = Debug|Any CPU
		{AE3F6D66-B079-41BE-9DAB-36F2ACACDE8A}.Debug|ARM.ActiveCfg = Debug|Any CPU
		{AE3F6D66-B079-41BE-9DAB-36F2ACACDE8A}.Debug|ARM.Build.0 = Debug|Any CPU
		{AE3F6D66-B079-41BE-9DAB-36F2ACACDE8A}.Debug|iPhone.ActiveCfg = Debug|Any CPU
		{AE3F6D66-B079-41BE-9DAB-36F2ACACDE8A}.Debug|iPhone.Build.0 = Debug|Any CPU
		{AE3F6D66-B079-41BE-9DAB-36F2ACACDE8A}.Debug|iPhoneSimulator.ActiveCfg = Debug|Any CPU
		{AE3F6D66-B079-41BE-9DAB-36F2ACACDE8A}.Debug|iPhoneSimulator.Build.0 = Debug|Any CPU
		{AE3F6D66-B079-41BE-9DAB-36F2ACACDE8A}.Debug|x64.ActiveCfg = Debug|Any CPU
		{AE3F6D66-B079-41BE-9DAB-36F2ACACDE8A}.Debug|x64.Build.0 = Debug|Any CPU
		{AE3F6D66-B079-41BE-9DAB-36F2ACACDE8A}.Debug|x86.ActiveCfg = Debug|Any CPU
		{AE3F6D66-B079-41BE-9DAB-36F2ACACDE8A}.Debug|x86.Build.0 = Debug|Any CPU
		{AE3F6D66-B079-41BE-9DAB-36F2ACACDE8A}.Release|Any CPU.ActiveCfg = Release|Any CPU
		{AE3F6D66-B079-41BE-9DAB-36F2ACACDE8A}.Release|Any CPU.Build.0 = Release|Any CPU
		{AE3F6D66-B079-41BE-9DAB-36F2ACACDE8A}.Release|ARM.ActiveCfg = Release|Any CPU
		{AE3F6D66-B079-41BE-9DAB-36F2ACACDE8A}.Release|ARM.Build.0 = Release|Any CPU
		{AE3F6D66-B079-41BE-9DAB-36F2ACACDE8A}.Release|iPhone.ActiveCfg = Release|Any CPU
		{AE3F6D66-B079-41BE-9DAB-36F2ACACDE8A}.Release|iPhone.Build.0 = Release|Any CPU
		{AE3F6D66-B079-41BE-9DAB-36F2ACACDE8A}.Release|iPhoneSimulator.ActiveCfg = Release|Any CPU
		{AE3F6D66-B079-41BE-9DAB-36F2ACACDE8A}.Release|iPhoneSimulator.Build.0 = Release|Any CPU
		{AE3F6D66-B079-41BE-9DAB-36F2ACACDE8A}.Release|x64.ActiveCfg = Release|Any CPU
		{AE3F6D66-B079-41BE-9DAB-36F2ACACDE8A}.Release|x64.Build.0 = Release|Any CPU
		{AE3F6D66-B079-41BE-9DAB-36F2ACACDE8A}.Release|x86.ActiveCfg = Release|Any CPU
		{AE3F6D66-B079-41BE-9DAB-36F2ACACDE8A}.Release|x86.Build.0 = Release|Any CPU
		{6288917C-C18B-42FF-9485-384F2C5F23F9}.Debug|Any CPU.ActiveCfg = Debug|Any CPU
		{6288917C-C18B-42FF-9485-384F2C5F23F9}.Debug|Any CPU.Build.0 = Debug|Any CPU
		{6288917C-C18B-42FF-9485-384F2C5F23F9}.Debug|ARM.ActiveCfg = Debug|Any CPU
		{6288917C-C18B-42FF-9485-384F2C5F23F9}.Debug|ARM.Build.0 = Debug|Any CPU
		{6288917C-C18B-42FF-9485-384F2C5F23F9}.Debug|iPhone.ActiveCfg = Debug|Any CPU
		{6288917C-C18B-42FF-9485-384F2C5F23F9}.Debug|iPhone.Build.0 = Debug|Any CPU
		{6288917C-C18B-42FF-9485-384F2C5F23F9}.Debug|iPhoneSimulator.ActiveCfg = Debug|Any CPU
		{6288917C-C18B-42FF-9485-384F2C5F23F9}.Debug|iPhoneSimulator.Build.0 = Debug|Any CPU
		{6288917C-C18B-42FF-9485-384F2C5F23F9}.Debug|x64.ActiveCfg = Debug|Any CPU
		{6288917C-C18B-42FF-9485-384F2C5F23F9}.Debug|x64.Build.0 = Debug|Any CPU
		{6288917C-C18B-42FF-9485-384F2C5F23F9}.Debug|x86.ActiveCfg = Debug|Any CPU
		{6288917C-C18B-42FF-9485-384F2C5F23F9}.Debug|x86.Build.0 = Debug|Any CPU
		{6288917C-C18B-42FF-9485-384F2C5F23F9}.Release|Any CPU.ActiveCfg = Release|Any CPU
		{6288917C-C18B-42FF-9485-384F2C5F23F9}.Release|Any CPU.Build.0 = Release|Any CPU
		{6288917C-C18B-42FF-9485-384F2C5F23F9}.Release|ARM.ActiveCfg = Release|Any CPU
		{6288917C-C18B-42FF-9485-384F2C5F23F9}.Release|ARM.Build.0 = Release|Any CPU
		{6288917C-C18B-42FF-9485-384F2C5F23F9}.Release|iPhone.ActiveCfg = Release|Any CPU
		{6288917C-C18B-42FF-9485-384F2C5F23F9}.Release|iPhone.Build.0 = Release|Any CPU
		{6288917C-C18B-42FF-9485-384F2C5F23F9}.Release|iPhoneSimulator.ActiveCfg = Release|Any CPU
		{6288917C-C18B-42FF-9485-384F2C5F23F9}.Release|iPhoneSimulator.Build.0 = Release|Any CPU
		{6288917C-C18B-42FF-9485-384F2C5F23F9}.Release|x64.ActiveCfg = Release|Any CPU
		{6288917C-C18B-42FF-9485-384F2C5F23F9}.Release|x64.Build.0 = Release|Any CPU
		{6288917C-C18B-42FF-9485-384F2C5F23F9}.Release|x86.ActiveCfg = Release|Any CPU
		{6288917C-C18B-42FF-9485-384F2C5F23F9}.Release|x86.Build.0 = Release|Any CPU
		{358B8066-7934-45F0-8686-95060A0B12A9}.Debug|Any CPU.ActiveCfg = Debug|iPhoneSimulator
		{358B8066-7934-45F0-8686-95060A0B12A9}.Debug|Any CPU.Build.0 = Debug|iPhoneSimulator
		{358B8066-7934-45F0-8686-95060A0B12A9}.Debug|ARM.ActiveCfg = Debug|iPhone
		{358B8066-7934-45F0-8686-95060A0B12A9}.Debug|iPhone.ActiveCfg = Debug|iPhone
		{358B8066-7934-45F0-8686-95060A0B12A9}.Debug|iPhone.Build.0 = Debug|iPhone
		{358B8066-7934-45F0-8686-95060A0B12A9}.Debug|iPhoneSimulator.ActiveCfg = Debug|iPhoneSimulator
		{358B8066-7934-45F0-8686-95060A0B12A9}.Debug|iPhoneSimulator.Build.0 = Debug|iPhoneSimulator
		{358B8066-7934-45F0-8686-95060A0B12A9}.Debug|x64.ActiveCfg = Debug|iPhone
		{358B8066-7934-45F0-8686-95060A0B12A9}.Debug|x86.ActiveCfg = Debug|iPhone
		{358B8066-7934-45F0-8686-95060A0B12A9}.Release|Any CPU.ActiveCfg = Release|iPhone
		{358B8066-7934-45F0-8686-95060A0B12A9}.Release|Any CPU.Build.0 = Release|iPhone
		{358B8066-7934-45F0-8686-95060A0B12A9}.Release|ARM.ActiveCfg = Release|iPhoneSimulator
		{358B8066-7934-45F0-8686-95060A0B12A9}.Release|iPhone.ActiveCfg = Release|iPhone
		{358B8066-7934-45F0-8686-95060A0B12A9}.Release|iPhone.Build.0 = Release|iPhone
		{358B8066-7934-45F0-8686-95060A0B12A9}.Release|iPhoneSimulator.ActiveCfg = Release|iPhoneSimulator
		{358B8066-7934-45F0-8686-95060A0B12A9}.Release|iPhoneSimulator.Build.0 = Release|iPhoneSimulator
		{358B8066-7934-45F0-8686-95060A0B12A9}.Release|x64.ActiveCfg = Release|iPhoneSimulator
		{358B8066-7934-45F0-8686-95060A0B12A9}.Release|x86.ActiveCfg = Release|iPhoneSimulator
		{430627A9-BC6A-4AA1-9920-03CA2AB87DF6}.Debug|Any CPU.ActiveCfg = Debug|Any CPU
		{430627A9-BC6A-4AA1-9920-03CA2AB87DF6}.Debug|Any CPU.Build.0 = Debug|Any CPU
		{430627A9-BC6A-4AA1-9920-03CA2AB87DF6}.Debug|ARM.ActiveCfg = Debug|Any CPU
		{430627A9-BC6A-4AA1-9920-03CA2AB87DF6}.Debug|ARM.Build.0 = Debug|Any CPU
		{430627A9-BC6A-4AA1-9920-03CA2AB87DF6}.Debug|ARM.Deploy.0 = Debug|Any CPU
		{430627A9-BC6A-4AA1-9920-03CA2AB87DF6}.Debug|iPhone.ActiveCfg = Debug|Any CPU
		{430627A9-BC6A-4AA1-9920-03CA2AB87DF6}.Debug|iPhone.Build.0 = Debug|Any CPU
		{430627A9-BC6A-4AA1-9920-03CA2AB87DF6}.Debug|iPhoneSimulator.ActiveCfg = Debug|Any CPU
		{430627A9-BC6A-4AA1-9920-03CA2AB87DF6}.Debug|iPhoneSimulator.Build.0 = Debug|Any CPU
		{430627A9-BC6A-4AA1-9920-03CA2AB87DF6}.Debug|x64.ActiveCfg = Debug|Any CPU
		{430627A9-BC6A-4AA1-9920-03CA2AB87DF6}.Debug|x64.Build.0 = Debug|Any CPU
		{430627A9-BC6A-4AA1-9920-03CA2AB87DF6}.Debug|x64.Deploy.0 = Debug|Any CPU
		{430627A9-BC6A-4AA1-9920-03CA2AB87DF6}.Debug|x86.ActiveCfg = Debug|Any CPU
		{430627A9-BC6A-4AA1-9920-03CA2AB87DF6}.Debug|x86.Build.0 = Debug|Any CPU
		{430627A9-BC6A-4AA1-9920-03CA2AB87DF6}.Debug|x86.Deploy.0 = Debug|Any CPU
		{430627A9-BC6A-4AA1-9920-03CA2AB87DF6}.Release|Any CPU.ActiveCfg = Release|Any CPU
		{430627A9-BC6A-4AA1-9920-03CA2AB87DF6}.Release|Any CPU.Build.0 = Release|Any CPU
		{430627A9-BC6A-4AA1-9920-03CA2AB87DF6}.Release|ARM.ActiveCfg = Release|Any CPU
		{430627A9-BC6A-4AA1-9920-03CA2AB87DF6}.Release|ARM.Build.0 = Release|Any CPU
		{430627A9-BC6A-4AA1-9920-03CA2AB87DF6}.Release|ARM.Deploy.0 = Release|Any CPU
		{430627A9-BC6A-4AA1-9920-03CA2AB87DF6}.Release|iPhone.ActiveCfg = Release|Any CPU
		{430627A9-BC6A-4AA1-9920-03CA2AB87DF6}.Release|iPhone.Build.0 = Release|Any CPU
		{430627A9-BC6A-4AA1-9920-03CA2AB87DF6}.Release|iPhoneSimulator.ActiveCfg = Release|Any CPU
		{430627A9-BC6A-4AA1-9920-03CA2AB87DF6}.Release|iPhoneSimulator.Build.0 = Release|Any CPU
		{430627A9-BC6A-4AA1-9920-03CA2AB87DF6}.Release|x64.ActiveCfg = Release|Any CPU
		{430627A9-BC6A-4AA1-9920-03CA2AB87DF6}.Release|x64.Build.0 = Release|Any CPU
		{430627A9-BC6A-4AA1-9920-03CA2AB87DF6}.Release|x64.Deploy.0 = Release|Any CPU
		{430627A9-BC6A-4AA1-9920-03CA2AB87DF6}.Release|x86.ActiveCfg = Release|Any CPU
		{430627A9-BC6A-4AA1-9920-03CA2AB87DF6}.Release|x86.Build.0 = Release|Any CPU
		{430627A9-BC6A-4AA1-9920-03CA2AB87DF6}.Release|x86.Deploy.0 = Release|Any CPU
		{199F1FC7-DC1B-409A-965C-D75583F0AB26}.Debug|Any CPU.ActiveCfg = Debug|Any CPU
		{199F1FC7-DC1B-409A-965C-D75583F0AB26}.Debug|Any CPU.Build.0 = Debug|Any CPU
		{199F1FC7-DC1B-409A-965C-D75583F0AB26}.Debug|ARM.ActiveCfg = Debug|ARM
		{199F1FC7-DC1B-409A-965C-D75583F0AB26}.Debug|ARM.Build.0 = Debug|ARM
		{199F1FC7-DC1B-409A-965C-D75583F0AB26}.Debug|iPhone.ActiveCfg = Debug|Any CPU
		{199F1FC7-DC1B-409A-965C-D75583F0AB26}.Debug|iPhone.Build.0 = Debug|Any CPU
		{199F1FC7-DC1B-409A-965C-D75583F0AB26}.Debug|iPhoneSimulator.ActiveCfg = Debug|Any CPU
		{199F1FC7-DC1B-409A-965C-D75583F0AB26}.Debug|iPhoneSimulator.Build.0 = Debug|Any CPU
		{199F1FC7-DC1B-409A-965C-D75583F0AB26}.Debug|x64.ActiveCfg = Debug|x64
		{199F1FC7-DC1B-409A-965C-D75583F0AB26}.Debug|x64.Build.0 = Debug|x64
		{199F1FC7-DC1B-409A-965C-D75583F0AB26}.Debug|x86.ActiveCfg = Debug|x86
		{199F1FC7-DC1B-409A-965C-D75583F0AB26}.Debug|x86.Build.0 = Debug|x86
		{199F1FC7-DC1B-409A-965C-D75583F0AB26}.Release|Any CPU.ActiveCfg = Release|Any CPU
		{199F1FC7-DC1B-409A-965C-D75583F0AB26}.Release|Any CPU.Build.0 = Release|Any CPU
		{199F1FC7-DC1B-409A-965C-D75583F0AB26}.Release|ARM.ActiveCfg = Release|ARM
		{199F1FC7-DC1B-409A-965C-D75583F0AB26}.Release|ARM.Build.0 = Release|ARM
		{199F1FC7-DC1B-409A-965C-D75583F0AB26}.Release|iPhone.ActiveCfg = Release|Any CPU
		{199F1FC7-DC1B-409A-965C-D75583F0AB26}.Release|iPhone.Build.0 = Release|Any CPU
		{199F1FC7-DC1B-409A-965C-D75583F0AB26}.Release|iPhoneSimulator.ActiveCfg = Release|Any CPU
		{199F1FC7-DC1B-409A-965C-D75583F0AB26}.Release|iPhoneSimulator.Build.0 = Release|Any CPU
		{199F1FC7-DC1B-409A-965C-D75583F0AB26}.Release|x64.ActiveCfg = Release|x64
		{199F1FC7-DC1B-409A-965C-D75583F0AB26}.Release|x64.Build.0 = Release|x64
		{199F1FC7-DC1B-409A-965C-D75583F0AB26}.Release|x86.ActiveCfg = Release|x86
		{199F1FC7-DC1B-409A-965C-D75583F0AB26}.Release|x86.Build.0 = Release|x86
	EndGlobalSection
	GlobalSection(SolutionProperties) = preSolution
		HideSolutionNode = FALSE
	EndGlobalSection
	GlobalSection(NestedProjects) = preSolution
		{358B8066-7934-45F0-8686-95060A0B12A9} = {04FE29DF-D5FC-4296-B575-3B67A0DAC880}
		{430627A9-BC6A-4AA1-9920-03CA2AB87DF6} = {04FE29DF-D5FC-4296-B575-3B67A0DAC880}
	EndGlobalSection
	GlobalSection(ExtensibilityGlobals) = postSolution
		SolutionGuid = {7D4D3675-C681-405C-AE84-A1CBD3BDC60A}
	EndGlobalSection
EndGlobal
