
Microsoft Visual Studio Solution File, Format Version 12.00
# Visual Studio 2012
Project("{FAE04EC0-301F-11D3-BF4B-00C04F79EFBC}") = "SoC.Core", "SoC.Core\SoC.Core.csproj", "{71D255F1-8A9E-4EE1-B508-5BA038A2273C}"
EndProject
Project("{FAE04EC0-301F-11D3-BF4B-00C04F79EFBC}") = "SoC.Droid", "SoC.Droid\SoC.Droid.csproj", "{CF28EC36-EC00-4148-94D6-AA85CB231319}"
EndProject
Project("{2150E333-8FDC-42A3-9474-1A3956D46DE8}") = "Samples", "Samples", "{BF78F8F0-D2AA-4C54-AF4C-BEF2D204B5A5}"
EndProject
Project("{FAE04EC0-301F-11D3-BF4B-00C04F79EFBC}") = "SoC.Sample.Droid", "Samples\SoC.Sample.Droid\SoC.Sample.Droid.csproj", "{4E5109A7-67A7-4B34-A59D-4E016A9EF36F}"
EndProject
Project("{FAE04EC0-301F-11D3-BF4B-00C04F79EFBC}") = "SoC.Sample.Core", "Samples\SoC.Sample.Core\SoC.Sample.Core.csproj", "{092B0516-0C4C-4404-B25A-CB550B1DA89A}"
EndProject
Project("{FAE04EC0-301F-11D3-BF4B-00C04F79EFBC}") = "SoC.iOS", "SoC.iOS\SoC.iOS.csproj", "{01F41055-3089-453A-8B5F-60853841F7A5}"
EndProject
Project("{FAE04EC0-301F-11D3-BF4B-00C04F79EFBC}") = "SoC.Sample.iOS", "Samples\SoC.Sample.iOS\SoC.Sample.iOS.csproj", "{C59837FA-1F24-4271-9CE9-3374A67BABE2}"
EndProject
Global
	GlobalSection(SolutionConfigurationPlatforms) = preSolution
		Debug|Any CPU = Debug|Any CPU
		Release|Any CPU = Release|Any CPU
		Debug|iPhoneSimulator = Debug|iPhoneSimulator
		Release|iPhone = Release|iPhone
		Release|iPhoneSimulator = Release|iPhoneSimulator
		Debug|iPhone = Debug|iPhone
	EndGlobalSection
	GlobalSection(ProjectConfigurationPlatforms) = postSolution
		{71D255F1-8A9E-4EE1-B508-5BA038A2273C}.Debug|Any CPU.ActiveCfg = Debug|Any CPU
		{71D255F1-8A9E-4EE1-B508-5BA038A2273C}.Debug|Any CPU.Build.0 = Debug|Any CPU
		{71D255F1-8A9E-4EE1-B508-5BA038A2273C}.Release|Any CPU.ActiveCfg = Release|Any CPU
		{71D255F1-8A9E-4EE1-B508-5BA038A2273C}.Release|Any CPU.Build.0 = Release|Any CPU
		{71D255F1-8A9E-4EE1-B508-5BA038A2273C}.Debug|iPhoneSimulator.ActiveCfg = Debug|Any CPU
		{71D255F1-8A9E-4EE1-B508-5BA038A2273C}.Debug|iPhoneSimulator.Build.0 = Debug|Any CPU
		{71D255F1-8A9E-4EE1-B508-5BA038A2273C}.Release|iPhone.ActiveCfg = Release|Any CPU
		{71D255F1-8A9E-4EE1-B508-5BA038A2273C}.Release|iPhone.Build.0 = Release|Any CPU
		{71D255F1-8A9E-4EE1-B508-5BA038A2273C}.Release|iPhoneSimulator.ActiveCfg = Release|Any CPU
		{71D255F1-8A9E-4EE1-B508-5BA038A2273C}.Release|iPhoneSimulator.Build.0 = Release|Any CPU
		{71D255F1-8A9E-4EE1-B508-5BA038A2273C}.Debug|iPhone.ActiveCfg = Debug|Any CPU
		{71D255F1-8A9E-4EE1-B508-5BA038A2273C}.Debug|iPhone.Build.0 = Debug|Any CPU
		{CF28EC36-EC00-4148-94D6-AA85CB231319}.Debug|Any CPU.ActiveCfg = Debug|Any CPU
		{CF28EC36-EC00-4148-94D6-AA85CB231319}.Debug|Any CPU.Build.0 = Debug|Any CPU
		{CF28EC36-EC00-4148-94D6-AA85CB231319}.Release|Any CPU.ActiveCfg = Release|Any CPU
		{CF28EC36-EC00-4148-94D6-AA85CB231319}.Release|Any CPU.Build.0 = Release|Any CPU
		{CF28EC36-EC00-4148-94D6-AA85CB231319}.Debug|iPhoneSimulator.ActiveCfg = Debug|Any CPU
		{CF28EC36-EC00-4148-94D6-AA85CB231319}.Debug|iPhoneSimulator.Build.0 = Debug|Any CPU
		{CF28EC36-EC00-4148-94D6-AA85CB231319}.Release|iPhone.ActiveCfg = Release|Any CPU
		{CF28EC36-EC00-4148-94D6-AA85CB231319}.Release|iPhone.Build.0 = Release|Any CPU
		{CF28EC36-EC00-4148-94D6-AA85CB231319}.Release|iPhoneSimulator.ActiveCfg = Release|Any CPU
		{CF28EC36-EC00-4148-94D6-AA85CB231319}.Release|iPhoneSimulator.Build.0 = Release|Any CPU
		{CF28EC36-EC00-4148-94D6-AA85CB231319}.Debug|iPhone.ActiveCfg = Debug|Any CPU
		{CF28EC36-EC00-4148-94D6-AA85CB231319}.Debug|iPhone.Build.0 = Debug|Any CPU
		{4E5109A7-67A7-4B34-A59D-4E016A9EF36F}.Debug|Any CPU.ActiveCfg = Debug|Any CPU
		{4E5109A7-67A7-4B34-A59D-4E016A9EF36F}.Debug|Any CPU.Build.0 = Debug|Any CPU
		{4E5109A7-67A7-4B34-A59D-4E016A9EF36F}.Release|Any CPU.ActiveCfg = Release|Any CPU
		{4E5109A7-67A7-4B34-A59D-4E016A9EF36F}.Release|Any CPU.Build.0 = Release|Any CPU
		{4E5109A7-67A7-4B34-A59D-4E016A9EF36F}.Debug|iPhoneSimulator.ActiveCfg = Debug|Any CPU
		{4E5109A7-67A7-4B34-A59D-4E016A9EF36F}.Debug|iPhoneSimulator.Build.0 = Debug|Any CPU
		{4E5109A7-67A7-4B34-A59D-4E016A9EF36F}.Release|iPhone.ActiveCfg = Release|Any CPU
		{4E5109A7-67A7-4B34-A59D-4E016A9EF36F}.Release|iPhone.Build.0 = Release|Any CPU
		{4E5109A7-67A7-4B34-A59D-4E016A9EF36F}.Release|iPhoneSimulator.ActiveCfg = Release|Any CPU
		{4E5109A7-67A7-4B34-A59D-4E016A9EF36F}.Release|iPhoneSimulator.Build.0 = Release|Any CPU
		{4E5109A7-67A7-4B34-A59D-4E016A9EF36F}.Debug|iPhone.ActiveCfg = Debug|Any CPU
		{4E5109A7-67A7-4B34-A59D-4E016A9EF36F}.Debug|iPhone.Build.0 = Debug|Any CPU
		{092B0516-0C4C-4404-B25A-CB550B1DA89A}.Debug|Any CPU.ActiveCfg = Debug|Any CPU
		{092B0516-0C4C-4404-B25A-CB550B1DA89A}.Debug|Any CPU.Build.0 = Debug|Any CPU
		{092B0516-0C4C-4404-B25A-CB550B1DA89A}.Release|Any CPU.ActiveCfg = Release|Any CPU
		{092B0516-0C4C-4404-B25A-CB550B1DA89A}.Release|Any CPU.Build.0 = Release|Any CPU
		{092B0516-0C4C-4404-B25A-CB550B1DA89A}.Debug|iPhoneSimulator.ActiveCfg = Debug|Any CPU
		{092B0516-0C4C-4404-B25A-CB550B1DA89A}.Debug|iPhoneSimulator.Build.0 = Debug|Any CPU
		{092B0516-0C4C-4404-B25A-CB550B1DA89A}.Release|iPhone.ActiveCfg = Release|Any CPU
		{092B0516-0C4C-4404-B25A-CB550B1DA89A}.Release|iPhone.Build.0 = Release|Any CPU
		{092B0516-0C4C-4404-B25A-CB550B1DA89A}.Release|iPhoneSimulator.ActiveCfg = Release|Any CPU
		{092B0516-0C4C-4404-B25A-CB550B1DA89A}.Release|iPhoneSimulator.Build.0 = Release|Any CPU
		{092B0516-0C4C-4404-B25A-CB550B1DA89A}.Debug|iPhone.ActiveCfg = Debug|Any CPU
		{092B0516-0C4C-4404-B25A-CB550B1DA89A}.Debug|iPhone.Build.0 = Debug|Any CPU
		{01F41055-3089-453A-8B5F-60853841F7A5}.Debug|Any CPU.ActiveCfg = Debug|Any CPU
		{01F41055-3089-453A-8B5F-60853841F7A5}.Debug|Any CPU.Build.0 = Debug|Any CPU
		{01F41055-3089-453A-8B5F-60853841F7A5}.Release|Any CPU.ActiveCfg = Release|Any CPU
		{01F41055-3089-453A-8B5F-60853841F7A5}.Release|Any CPU.Build.0 = Release|Any CPU
		{01F41055-3089-453A-8B5F-60853841F7A5}.Debug|iPhoneSimulator.ActiveCfg = Debug|Any CPU
		{01F41055-3089-453A-8B5F-60853841F7A5}.Debug|iPhoneSimulator.Build.0 = Debug|Any CPU
		{01F41055-3089-453A-8B5F-60853841F7A5}.Release|iPhone.ActiveCfg = Release|Any CPU
		{01F41055-3089-453A-8B5F-60853841F7A5}.Release|iPhone.Build.0 = Release|Any CPU
		{01F41055-3089-453A-8B5F-60853841F7A5}.Release|iPhoneSimulator.ActiveCfg = Release|Any CPU
		{01F41055-3089-453A-8B5F-60853841F7A5}.Release|iPhoneSimulator.Build.0 = Release|Any CPU
		{01F41055-3089-453A-8B5F-60853841F7A5}.Debug|iPhone.ActiveCfg = Debug|Any CPU
		{01F41055-3089-453A-8B5F-60853841F7A5}.Debug|iPhone.Build.0 = Debug|Any CPU
		{C59837FA-1F24-4271-9CE9-3374A67BABE2}.Debug|Any CPU.ActiveCfg = Debug|iPhoneSimulator
		{C59837FA-1F24-4271-9CE9-3374A67BABE2}.Debug|Any CPU.Build.0 = Debug|iPhoneSimulator
		{C59837FA-1F24-4271-9CE9-3374A67BABE2}.Release|Any CPU.ActiveCfg = Release|iPhone
		{C59837FA-1F24-4271-9CE9-3374A67BABE2}.Release|Any CPU.Build.0 = Release|iPhone
		{C59837FA-1F24-4271-9CE9-3374A67BABE2}.Debug|iPhoneSimulator.ActiveCfg = Debug|iPhoneSimulator
		{C59837FA-1F24-4271-9CE9-3374A67BABE2}.Debug|iPhoneSimulator.Build.0 = Debug|iPhoneSimulator
		{C59837FA-1F24-4271-9CE9-3374A67BABE2}.Release|iPhone.ActiveCfg = Release|iPhone
		{C59837FA-1F24-4271-9CE9-3374A67BABE2}.Release|iPhone.Build.0 = Release|iPhone
		{C59837FA-1F24-4271-9CE9-3374A67BABE2}.Release|iPhoneSimulator.ActiveCfg = Release|iPhoneSimulator
		{C59837FA-1F24-4271-9CE9-3374A67BABE2}.Release|iPhoneSimulator.Build.0 = Release|iPhoneSimulator
		{C59837FA-1F24-4271-9CE9-3374A67BABE2}.Debug|iPhone.ActiveCfg = Debug|iPhone
		{C59837FA-1F24-4271-9CE9-3374A67BABE2}.Debug|iPhone.Build.0 = Debug|iPhone
	EndGlobalSection
	GlobalSection(NestedProjects) = preSolution
		{4E5109A7-67A7-4B34-A59D-4E016A9EF36F} = {BF78F8F0-D2AA-4C54-AF4C-BEF2D204B5A5}
		{092B0516-0C4C-4404-B25A-CB550B1DA89A} = {BF78F8F0-D2AA-4C54-AF4C-BEF2D204B5A5}
		{C59837FA-1F24-4271-9CE9-3374A67BABE2} = {BF78F8F0-D2AA-4C54-AF4C-BEF2D204B5A5}
	EndGlobalSection
EndGlobal
